Microsoft Visual Studio Solution File, Format Version 12.00
# Visual Studio Version 17
VisualStudioVersion = 17.5.2.0
MinimumVisualStudioVersion = 10.0.40219.1
Project("{FAE04EC0-301F-11D3-BF4B-00C04F79EFBC}") = "Module2_OpenAI", "Module2_OpenAI/Module2_OpenAI.csproj", "{8D19EAE3-031A-CC4E-D784-09A32D833CA2}"
EndProject
Project("{FAE04EC0-301F-11D3-BF4B-00C04F79EFBC}") = "Module4_AzureAIService", "Module4_AzureAIService/Module4_AzureAIService.csproj", "{099DF018-37DE-468F-BE42-F6F1E3D30F77}"
EndProject
Global
	GlobalSection(SolutionConfigurationPlatforms) = preSolution
		Debug|Any CPU = Debug|Any CPU
		Debug|x64 = Debug|x64
		Debug|x86 = Debug|x86
		Release|Any CPU = Release|Any CPU
		Release|x64 = Release|x64
		Release|x86 = Release|x86
	EndGlobalSection
	GlobalSection(ProjectConfigurationPlatforms) = postSolution
		{8D19EAE3-031A-CC4E-D784-09A32D833CA2}.Debug|Any CPU.ActiveCfg = Debug|Any CPU
		{8D19EAE3-031A-CC4E-D784-09A32D833CA2}.Debug|Any CPU.Build.0 = Debug|Any CPU
		{8D19EAE3-031A-CC4E-D784-09A32D833CA2}.Debug|x64.ActiveCfg = Debug|Any CPU
		{8D19EAE3-031A-CC4E-D784-09A32D833CA2}.Debug|x64.Build.0 = Debug|Any CPU
		{8D19EAE3-031A-CC4E-D784-09A32D833CA2}.Debug|x86.ActiveCfg = Debug|Any CPU
		{8D19EAE3-031A-CC4E-D784-09A32D833CA2}.Debug|x86.Build.0 = Debug|Any CPU
		{8D19EAE3-031A-CC4E-D784-09A32D833CA2}.Release|Any CPU.ActiveCfg = Release|Any CPU
		{8D19EAE3-031A-CC4E-D784-09A32D833CA2}.Release|Any CPU.Build.0 = Release|Any CPU
		{8D19EAE3-031A-CC4E-D784-09A32D833CA2}.Release|x64.ActiveCfg = Release|Any CPU
		{8D19EAE3-031A-CC4E-D784-09A32D833CA2}.Release|x64.Build.0 = Release|Any CPU
		{8D19EAE3-031A-CC4E-D784-09A32D833CA2}.Release|x86.ActiveCfg = Release|Any CPU
		{8D19EAE3-031A-CC4E-D784-09A32D833CA2}.Release|x86.Build.0 = Release|Any CPU
		{099DF018-37DE-468F-BE42-F6F1E3D30F77}.Debug|Any CPU.ActiveCfg = Debug|Any CPU
		{099DF018-37DE-468F-BE42-F6F1E3D30F77}.Debug|Any CPU.Build.0 = Debug|Any CPU
		{099DF018-37DE-468F-BE42-F6F1E3D30F77}.Debug|x64.ActiveCfg = Debug|Any CPU
		{099DF018-37DE-468F-BE42-F6F1E3D30F77}.Debug|x64.Build.0 = Debug|Any CPU
		{099DF018-37DE-468F-BE42-F6F1E3D30F77}.Debug|x86.ActiveCfg = Debug|Any CPU
		{099DF018-37DE-468F-BE42-F6F1E3D30F77}.Debug|x86.Build.0 = Debug|Any CPU
		{099DF018-37DE-468F-BE42-F6F1E3D30F77}.Release|Any CPU.ActiveCfg = Release|Any CPU
		{099DF018-37DE-468F-BE42-F6F1E3D30F77}.Release|Any CPU.Build.0 = Release|Any CPU
		{099DF018-37DE-468F-BE42-F6F1E3D30F77}.Release|x64.ActiveCfg = Release|Any CPU
		{099DF018-37DE-468F-BE42-F6F1E3D30F77}.Release|x64.Build.0 = Release|Any CPU
		{099DF018-37DE-468F-BE42-F6F1E3D30F77}.Release|x86.ActiveCfg = Release|Any CPU
		{099DF018-37DE-468F-BE42-F6F1E3D30F77}.Release|x86.Build.0 = Release|Any CPU
	EndGlobalSection
	GlobalSection(SolutionProperties) = preSolution
		HideSolutionNode = FALSE
	EndGlobalSection
	GlobalSection(ExtensibilityGlobals) = postSolution
		SolutionGuid = {30F465B4-3D61-49A6-92C1-AEEFF81BCDE1}
	EndGlobalSection
EndGlobal
